
Microsoft Visual Studio Solution File, Format Version 12.00
# Visual Studio Version 17
VisualStudioVersion = 17.14.36109.1
MinimumVisualStudioVersion = 10.0.40219.1
Project("{FAE04EC0-301F-11D3-BF4B-00C04F79EFBC}") = "BoardGamePlayer", "BoardGamePlayer\BoardGamePlayer.csproj", "{8E259780-2C7C-4EE7-8FF3-EF03BD3179D8}"
EndProject
Global
	GlobalSection(SolutionConfigurationPlatforms) = preSolution
		Debug|Any CPU = Debug|Any CPU
		Release|Any CPU = Release|Any CPU
	EndGlobalSection
	GlobalSection(ProjectConfigurationPlatforms) = postSolution
		{8E259780-2C7C-4EE7-8FF3-EF03BD3179D8}.Debug|Any CPU.ActiveCfg = Debug|Any CPU
		{8E259780-2C7C-4EE7-8FF3-EF03BD3179D8}.Debug|Any CPU.Build.0 = Debug|Any CPU
		{8E259780-2C7C-4EE7-8FF3-EF03BD3179D8}.Release|Any CPU.ActiveCfg = Release|Any CPU
		{8E259780-2C7C-4EE7-8FF3-EF03BD3179D8}.Release|Any CPU.Build.0 = Release|Any CPU
	EndGlobalSection
	GlobalSection(SolutionProperties) = preSolution
		HideSolutionNode = FALSE
	EndGlobalSection
	GlobalSection(ExtensibilityGlobals) = postSolution
		SolutionGuid = {0CF8B49A-A724-4646-AFBF-FCAEF2E6941E}
	EndGlobalSection
EndGlobal
